// !$*UTF8*$!
{
	archiveVersion = 1;
	classes = {
	};
	objectVersion = 46;
	objects = {

/* Begin PBXBuildFile section */
		55883B871DD7A5A900F9EB10 /* AppDelegate.swift in Sources */ = {isa = PBXBuildFile; fileRef = 55883B861DD7A5A900F9EB10 /* AppDelegate.swift */; };
		55883B891DD7A5A900F9EB10 /* ViewController.swift in Sources */ = {isa = PBXBuildFile; fileRef = 55883B881DD7A5A900F9EB10 /* ViewController.swift */; };
		55883B8C1DD7A5A900F9EB10 /* Main.storyboard in Resources */ = {isa = PBXBuildFile; fileRef = 55883B8A1DD7A5A900F9EB10 /* Main.storyboard */; };
		55883B8E1DD7A5A900F9EB10 /* Assets.xcassets in Resources */ = {isa = PBXBuildFile; fileRef = 55883B8D1DD7A5A900F9EB10 /* Assets.xcassets */; };
		55883B911DD7A5A900F9EB10 /* LaunchScreen.storyboard in Resources */ = {isa = PBXBuildFile; fileRef = 55883B8F1DD7A5A900F9EB10 /* LaunchScreen.storyboard */; };
		55883B9C1DD7A5A900F9EB10 /* You_Go_GirlTests.swift in Sources */ = {isa = PBXBuildFile; fileRef = 55883B9B1DD7A5A900F9EB10 /* You_Go_GirlTests.swift */; };
		55883BA71DD7A5A900F9EB10 /* You_Go_GirlUITests.swift in Sources */ = {isa = PBXBuildFile; fileRef = 55883BA61DD7A5A900F9EB10 /* You_Go_GirlUITests.swift */; };
		55883BB51DD7AB8B00F9EB10 /* ItemTableViewCell.swift in Sources */ = {isa = PBXBuildFile; fileRef = 55883BB41DD7AB8B00F9EB10 /* ItemTableViewCell.swift */; };
		55883BB71DD7BFA300F9EB10 /* homeScreen.swift in Sources */ = {isa = PBXBuildFile; fileRef = 55883BB61DD7BFA300F9EB10 /* homeScreen.swift */; };
		55883BB91DD7C84100F9EB10 /* QuoteControllerOne.swift in Sources */ = {isa = PBXBuildFile; fileRef = 55883BB81DD7C84100F9EB10 /* QuoteControllerOne.swift */; };
		55883BBB1DD7DBA000F9EB10 /* MyCustomButton.swift in Sources */ = {isa = PBXBuildFile; fileRef = 55883BBA1DD7DBA000F9EB10 /* MyCustomButton.swift */; };
		55883BBD1DD8132300F9EB10 /* fog.jpg in Resources */ = {isa = PBXBuildFile; fileRef = 55883BBC1DD8132300F9EB10 /* fog.jpg */; };
		55883BC01DD8205900F9EB10 /* plants.jpg in Resources */ = {isa = PBXBuildFile; fileRef = 55883BBE1DD8205900F9EB10 /* plants.jpg */; };
		55883BC11DD8205900F9EB10 /* sunshine.jpg in Resources */ = {isa = PBXBuildFile; fileRef = 55883BBF1DD8205900F9EB10 /* sunshine.jpg */; };
		55883BC41DD8261200F9EB10 /* canyon.jpg in Resources */ = {isa = PBXBuildFile; fileRef = 55883BC21DD8261200F9EB10 /* canyon.jpg */; };
		55883BC51DD8261200F9EB10 /* dessert.jpg in Resources */ = {isa = PBXBuildFile; fileRef = 55883BC31DD8261200F9EB10 /* dessert.jpg */; };
		55883BC71DD827D400F9EB10 /* bookmark.png in Resources */ = {isa = PBXBuildFile; fileRef = 55883BC61DD827D400F9EB10 /* bookmark.png */; };
		55883BCA1DD82AE000F9EB10 /* HitList.xcdatamodeld in Sources */ = {isa = PBXBuildFile; fileRef = 55883BC81DD82AE000F9EB10 /* HitList.xcdatamodeld */; };
		55883C4C1DD94DE500F9EB10 /* Randomizer.swift in Sources */ = {isa = PBXBuildFile; fileRef = 55883C4B1DD94DE400F9EB10 /* Randomizer.swift */; };
/* End PBXBuildFile section */

/* Begin PBXContainerItemProxy section */
		55883B981DD7A5A900F9EB10 /* PBXContainerItemProxy */ = {
			isa = PBXContainerItemProxy;
			containerPortal = 55883B7B1DD7A5A900F9EB10 /* Project object */;
			proxyType = 1;
			remoteGlobalIDString = 55883B821DD7A5A900F9EB10;
			remoteInfo = "You Go Girl";
		};
		55883BA31DD7A5A900F9EB10 /* PBXContainerItemProxy */ = {
			isa = PBXContainerItemProxy;
			containerPortal = 55883B7B1DD7A5A900F9EB10 /* Project object */;
			proxyType = 1;
			remoteGlobalIDString = 55883B821DD7A5A900F9EB10;
			remoteInfo = "You Go Girl";
		};
/* End PBXContainerItemProxy section */

/* Begin PBXFileReference section */
		55883B831DD7A5A900F9EB10 /* You Go Girl.app */ = {isa = PBXFileReference; explicitFileType = wrapper.application; includeInIndex = 0; path = "You Go Girl.app"; sourceTree = BUILT_PRODUCTS_DIR; };
		55883B861DD7A5A900F9EB10 /* AppDelegate.swift */ = {isa = PBXFileReference; lastKnownFileType = sourcecode.swift; path = AppDelegate.swift; sourceTree = "<group>"; };
		55883B881DD7A5A900F9EB10 /* ViewController.swift */ = {isa = PBXFileReference; lastKnownFileType = sourcecode.swift; path = ViewController.swift; sourceTree = "<group>"; };
		55883B8B1DD7A5A900F9EB10 /* Base */ = {isa = PBXFileReference; lastKnownFileType = file.storyboard; name = Base; path = Base.lproj/Main.storyboard; sourceTree = "<group>"; };
		55883B8D1DD7A5A900F9EB10 /* Assets.xcassets */ = {isa = PBXFileReference; lastKnownFileType = folder.assetcatalog; path = Assets.xcassets; sourceTree = "<group>"; };
		55883B901DD7A5A900F9EB10 /* Base */ = {isa = PBXFileReference; lastKnownFileType = file.storyboard; name = Base; path = Base.lproj/LaunchScreen.storyboard; sourceTree = "<group>"; };
		55883B921DD7A5A900F9EB10 /* Info.plist */ = {isa = PBXFileReference; lastKnownFileType = text.plist.xml; path = Info.plist; sourceTree = "<group>"; };
		55883B971DD7A5A900F9EB10 /* You Go GirlTests.xctest */ = {isa = PBXFileReference; explicitFileType = wrapper.cfbundle; includeInIndex = 0; path = "You Go GirlTests.xctest"; sourceTree = BUILT_PRODUCTS_DIR; };
		55883B9B1DD7A5A900F9EB10 /* You_Go_GirlTests.swift */ = {isa = PBXFileReference; lastKnownFileType = sourcecode.swift; path = You_Go_GirlTests.swift; sourceTree = "<group>"; };
		55883B9D1DD7A5A900F9EB10 /* Info.plist */ = {isa = PBXFileReference; lastKnownFileType = text.plist.xml; path = Info.plist; sourceTree = "<group>"; };
		55883BA21DD7A5A900F9EB10 /* You Go GirlUITests.xctest */ = {isa = PBXFileReference; explicitFileType = wrapper.cfbundle; includeInIndex = 0; path = "You Go GirlUITests.xctest"; sourceTree = BUILT_PRODUCTS_DIR; };
		55883BA61DD7A5A900F9EB10 /* You_Go_GirlUITests.swift */ = {isa = PBXFileReference; lastKnownFileType = sourcecode.swift; path = You_Go_GirlUITests.swift; sourceTree = "<group>"; };
		55883BA81DD7A5A900F9EB10 /* Info.plist */ = {isa = PBXFileReference; lastKnownFileType = text.plist.xml; path = Info.plist; sourceTree = "<group>"; };
		55883BB41DD7AB8B00F9EB10 /* ItemTableViewCell.swift */ = {isa = PBXFileReference; fileEncoding = 4; lastKnownFileType = sourcecode.swift; path = ItemTableViewCell.swift; sourceTree = "<group>"; };
		55883BB61DD7BFA300F9EB10 /* homeScreen.swift */ = {isa = PBXFileReference; fileEncoding = 4; lastKnownFileType = sourcecode.swift; path = homeScreen.swift; sourceTree = "<group>"; };
		55883BB81DD7C84100F9EB10 /* QuoteControllerOne.swift */ = {isa = PBXFileReference; fileEncoding = 4; lastKnownFileType = sourcecode.swift; path = QuoteControllerOne.swift; sourceTree = "<group>"; };
		55883BBA1DD7DBA000F9EB10 /* MyCustomButton.swift */ = {isa = PBXFileReference; fileEncoding = 4; lastKnownFileType = sourcecode.swift; path = MyCustomButton.swift; sourceTree = "<group>"; };
		55883BBC1DD8132300F9EB10 /* fog.jpg */ = {isa = PBXFileReference; lastKnownFileType = image.jpeg; path = fog.jpg; sourceTree = "<group>"; };
		55883BBE1DD8205900F9EB10 /* plants.jpg */ = {isa = PBXFileReference; lastKnownFileType = image.jpeg; path = plants.jpg; sourceTree = "<group>"; };
		55883BBF1DD8205900F9EB10 /* sunshine.jpg */ = {isa = PBXFileReference; lastKnownFileType = image.jpeg; path = sunshine.jpg; sourceTree = "<group>"; };
		55883BC21DD8261200F9EB10 /* canyon.jpg */ = {isa = PBXFileReference; lastKnownFileType = image.jpeg; path = canyon.jpg; sourceTree = "<group>"; };
		55883BC31DD8261200F9EB10 /* dessert.jpg */ = {isa = PBXFileReference; lastKnownFileType = image.jpeg; path = dessert.jpg; sourceTree = "<group>"; };
		55883BC61DD827D400F9EB10 /* bookmark.png */ = {isa = PBXFileReference; lastKnownFileType = image.png; path = bookmark.png; sourceTree = "<group>"; };
		55883BC91DD82AE000F9EB10 /* HitList.xcdatamodel */ = {isa = PBXFileReference; lastKnownFileType = wrapper.xcdatamodel; path = HitList.xcdatamodel; sourceTree = "<group>"; };
		55883C4B1DD94DE400F9EB10 /* Randomizer.swift */ = {isa = PBXFileReference; fileEncoding = 4; lastKnownFileType = sourcecode.swift; path = Randomizer.swift; sourceTree = "<group>"; };
/* End PBXFileReference section */

/* Begin PBXFrameworksBuildPhase section */
		55883B801DD7A5A900F9EB10 /* Frameworks */ = {
			isa = PBXFrameworksBuildPhase;
			buildActionMask = 2147483647;
			files = (
			);
			runOnlyForDeploymentPostprocessing = 0;
		};
		55883B941DD7A5A900F9EB10 /* Frameworks */ = {
			isa = PBXFrameworksBuildPhase;
			buildActionMask = 2147483647;
			files = (
			);
			runOnlyForDeploymentPostprocessing = 0;
		};
		55883B9F1DD7A5A900F9EB10 /* Frameworks */ = {
			isa = PBXFrameworksBuildPhase;
			buildActionMask = 2147483647;
			files = (
			);
			runOnlyForDeploymentPostprocessing = 0;
		};
/* End PBXFrameworksBuildPhase section */

/* Begin PBXGroup section */
		55883B7A1DD7A5A900F9EB10 = {
			isa = PBXGroup;
			children = (
				55883B851DD7A5A900F9EB10 /* You Go Girl */,
				55883B9A1DD7A5A900F9EB10 /* You Go GirlTests */,
				55883BA51DD7A5A900F9EB10 /* You Go GirlUITests */,
				55883B841DD7A5A900F9EB10 /* Products */,
			);
			sourceTree = "<group>";
		};
		55883B841DD7A5A900F9EB10 /* Products */ = {
			isa = PBXGroup;
			children = (
				55883B831DD7A5A900F9EB10 /* You Go Girl.app */,
				55883B971DD7A5A900F9EB10 /* You Go GirlTests.xctest */,
				55883BA21DD7A5A900F9EB10 /* You Go GirlUITests.xctest */,
			);
			name = Products;
			sourceTree = "<group>";
		};
		55883B851DD7A5A900F9EB10 /* You Go Girl */ = {
			isa = PBXGroup;
			children = (
				55883B861DD7A5A900F9EB10 /* AppDelegate.swift */,
				55883B881DD7A5A900F9EB10 /* ViewController.swift */,
				55883B8A1DD7A5A900F9EB10 /* Main.storyboard */,
				55883C4B1DD94DE400F9EB10 /* Randomizer.swift */,
				55883BC81DD82AE000F9EB10 /* HitList.xcdatamodeld */,
				55883BBA1DD7DBA000F9EB10 /* MyCustomButton.swift */,
				55883BB81DD7C84100F9EB10 /* QuoteControllerOne.swift */,
				55883BB61DD7BFA300F9EB10 /* homeScreen.swift */,
				55883BB41DD7AB8B00F9EB10 /* ItemTableViewCell.swift */,
				55883B8D1DD7A5A900F9EB10 /* Assets.xcassets */,
				55883BC61DD827D400F9EB10 /* bookmark.png */,
				55883BC21DD8261200F9EB10 /* canyon.jpg */,
				55883BC31DD8261200F9EB10 /* dessert.jpg */,
				55883BBC1DD8132300F9EB10 /* fog.jpg */,
				55883BBE1DD8205900F9EB10 /* plants.jpg */,
				55883BBF1DD8205900F9EB10 /* sunshine.jpg */,
				55883B8F1DD7A5A900F9EB10 /* LaunchScreen.storyboard */,
				55883B921DD7A5A900F9EB10 /* Info.plist */,
			);
			path = "You Go Girl";
			sourceTree = "<group>";
		};
		55883B9A1DD7A5A900F9EB10 /* You Go GirlTests */ = {
			isa = PBXGroup;
			children = (
				55883B9B1DD7A5A900F9EB10 /* You_Go_GirlTests.swift */,
				55883B9D1DD7A5A900F9EB10 /* Info.plist */,
			);
			path = "You Go GirlTests";
			sourceTree = "<group>";
		};
		55883BA51DD7A5A900F9EB10 /* You Go GirlUITests */ = {
			isa = PBXGroup;
			children = (
				55883BA61DD7A5A900F9EB10 /* You_Go_GirlUITests.swift */,
				55883BA81DD7A5A900F9EB10 /* Info.plist */,
			);
			path = "You Go GirlUITests";
			sourceTree = "<group>";
		};
/* End PBXGroup section */

/* Begin PBXNativeTarget section */
		55883B821DD7A5A900F9EB10 /* You Go Girl */ = {
			isa = PBXNativeTarget;
			buildConfigurationList = 55883BAB1DD7A5A900F9EB10 /* Build configuration list for PBXNativeTarget "You Go Girl" */;
			buildPhases = (
				55883B7F1DD7A5A900F9EB10 /* Sources */,
				55883B801DD7A5A900F9EB10 /* Frameworks */,
				55883B811DD7A5A900F9EB10 /* Resources */,
			);
			buildRules = (
			);
			dependencies = (
			);
			name = "You Go Girl";
			productName = "You Go Girl";
			productReference = 55883B831DD7A5A900F9EB10 /* You Go Girl.app */;
			productType = "com.apple.product-type.application";
		};
		55883B961DD7A5A900F9EB10 /* You Go GirlTests */ = {
			isa = PBXNativeTarget;
			buildConfigurationList = 55883BAE1DD7A5A900F9EB10 /* Build configuration list for PBXNativeTarget "You Go GirlTests" */;
			buildPhases = (
				55883B931DD7A5A900F9EB10 /* Sources */,
				55883B941DD7A5A900F9EB10 /* Frameworks */,
				55883B951DD7A5A900F9EB10 /* Resources */,
			);
			buildRules = (
			);
			dependencies = (
				55883B991DD7A5A900F9EB10 /* PBXTargetDependency */,
			);
			name = "You Go GirlTests";
			productName = "You Go GirlTests";
			productReference = 55883B971DD7A5A900F9EB10 /* You Go GirlTests.xctest */;
			productType = "com.apple.product-type.bundle.unit-test";
		};
		55883BA11DD7A5A900F9EB10 /* You Go GirlUITests */ = {
			isa = PBXNativeTarget;
			buildConfigurationList = 55883BB11DD7A5A900F9EB10 /* Build configuration list for PBXNativeTarget "You Go GirlUITests" */;
			buildPhases = (
				55883B9E1DD7A5A900F9EB10 /* Sources */,
				55883B9F1DD7A5A900F9EB10 /* Frameworks */,
				55883BA01DD7A5A900F9EB10 /* Resources */,
			);
			buildRules = (
			);
			dependencies = (
				55883BA41DD7A5A900F9EB10 /* PBXTargetDependency */,
			);
			name = "You Go GirlUITests";
			productName = "You Go GirlUITests";
			productReference = 55883BA21DD7A5A900F9EB10 /* You Go GirlUITests.xctest */;
			productType = "com.apple.product-type.bundle.ui-testing";
		};
/* End PBXNativeTarget section */

/* Begin PBXProject section */
		55883B7B1DD7A5A900F9EB10 /* Project object */ = {
			isa = PBXProject;
			attributes = {
				LastSwiftUpdateCheck = 0730;
				LastUpgradeCheck = 0730;
				ORGANIZATIONNAME = "Sophia Richter";
				TargetAttributes = {
					55883B821DD7A5A900F9EB10 = {
						CreatedOnToolsVersion = 7.3;
					};
					55883B961DD7A5A900F9EB10 = {
						CreatedOnToolsVersion = 7.3;
						TestTargetID = 55883B821DD7A5A900F9EB10;
					};
					55883BA11DD7A5A900F9EB10 = {
						CreatedOnToolsVersion = 7.3;
						TestTargetID = 55883B821DD7A5A900F9EB10;
					};
				};
			};
			buildConfigurationList = 55883B7E1DD7A5A900F9EB10 /* Build configuration list for PBXProject "You Go Girl" */;
			compatibilityVersion = "Xcode 3.2";
			developmentRegion = English;
			hasScannedForEncodings = 0;
			knownRegions = (
				en,
				Base,
			);
			mainGroup = 55883B7A1DD7A5A900F9EB10;
			productRefGroup = 55883B841DD7A5A900F9EB10 /* Products */;
			projectDirPath = "";
			projectRoot = "";
			targets = (
				55883B821DD7A5A900F9EB10 /* You Go Girl */,
				55883B961DD7A5A900F9EB10 /* You Go GirlTests */,
				55883BA11DD7A5A900F9EB10 /* You Go GirlUITests */,
			);
		};
/* End PBXProject section */

/* Begin PBXResourcesBuildPhase section */
		55883B811DD7A5A900F9EB10 /* Resources */ = {
			isa = PBXResourcesBuildPhase;
			buildActionMask = 2147483647;
			files = (
				55883BC11DD8205900F9EB10 /* sunshine.jpg in Resources */,
				55883BBD1DD8132300F9EB10 /* fog.jpg in Resources */,
				55883BC01DD8205900F9EB10 /* plants.jpg in Resources */,
				55883BC71DD827D400F9EB10 /* bookmark.png in Resources */,
				55883BC41DD8261200F9EB10 /* canyon.jpg in Resources */,
				55883BC51DD8261200F9EB10 /* dessert.jpg in Resources */,
				55883B911DD7A5A900F9EB10 /* LaunchScreen.storyboard in Resources */,
				55883B8E1DD7A5A900F9EB10 /* Assets.xcassets in Resources */,
				55883B8C1DD7A5A900F9EB10 /* Main.storyboard in Resources */,
			);
			runOnlyForDeploymentPostprocessing = 0;
		};
		55883B951DD7A5A900F9EB10 /* Resources */ = {
			isa = PBXResourcesBuildPhase;
			buildActionMask = 2147483647;
			files = (
			);
			runOnlyForDeploymentPostprocessing = 0;
		};
		55883BA01DD7A5A900F9EB10 /* Resources */ = {
			isa = PBXResourcesBuildPhase;
			buildActionMask = 2147483647;
			files = (
			);
			runOnlyForDeploymentPostprocessing = 0;
		};
/* End PBXResourcesBuildPhase section */

/* Begin PBXSourcesBuildPhase section */
		55883B7F1DD7A5A900F9EB10 /* Sources */ = {
			isa = PBXSourcesBuildPhase;
			buildActionMask = 2147483647;
			files = (
				55883BBB1DD7DBA000F9EB10 /* MyCustomButton.swift in Sources */,
				55883BB71DD7BFA300F9EB10 /* homeScreen.swift in Sources */,
				55883BB91DD7C84100F9EB10 /* QuoteControllerOne.swift in Sources */,
				55883B891DD7A5A900F9EB10 /* ViewController.swift in Sources */,
				55883BCA1DD82AE000F9EB10 /* HitList.xcdatamodeld in Sources */,
				55883BB51DD7AB8B00F9EB10 /* ItemTableViewCell.swift in Sources */,
				55883C4C1DD94DE500F9EB10 /* Randomizer.swift in Sources */,
				55883B871DD7A5A900F9EB10 /* AppDelegate.swift in Sources */,
			);
			runOnlyForDeploymentPostprocessing = 0;
		};
		55883B931DD7A5A900F9EB10 /* Sources */ = {
			isa = PBXSourcesBuildPhase;
			buildActionMask = 2147483647;
			files = (
				55883B9C1DD7A5A900F9EB10 /* You_Go_GirlTests.swift in Sources */,
			);
			runOnlyForDeploymentPostprocessing = 0;
		};
		55883B9E1DD7A5A900F9EB10 /* Sources */ = {
			isa = PBXSourcesBuildPhase;
			buildActionMask = 2147483647;
			files = (
				55883BA71DD7A5A900F9EB10 /* You_Go_GirlUITests.swift in Sources */,
			);
			runOnlyForDeploymentPostprocessing = 0;
		};
/* End PBXSourcesBuildPhase section */

/* Begin PBXTargetDependency section */
		55883B991DD7A5A900F9EB10 /* PBXTargetDependency */ = {
			isa = PBXTargetDependency;
			target = 55883B821DD7A5A900F9EB10 /* You Go Girl */;
			targetProxy = 55883B981DD7A5A900F9EB10 /* PBXContainerItemProxy */;
		};
		55883BA41DD7A5A900F9EB10 /* PBXTargetDependency */ = {
			isa = PBXTargetDependency;
			target = 55883B821DD7A5A900F9EB10 /* You Go Girl */;
			targetProxy = 55883BA31DD7A5A900F9EB10 /* PBXContainerItemProxy */;
		};
/* End PBXTargetDependency section */

/* Begin PBXVariantGroup section */
		55883B8A1DD7A5A900F9EB10 /* Main.storyboard */ = {
			isa = PBXVariantGroup;
			children = (
				55883B8B1DD7A5A900F9EB10 /* Base */,
			);
			name = Main.storyboard;
			sourceTree = "<group>";
		};
		55883B8F1DD7A5A900F9EB10 /* LaunchScreen.storyboard */ = {
			isa = PBXVariantGroup;
			children = (
				55883B901DD7A5A900F9EB10 /* Base */,
			);
			name = LaunchScreen.storyboard;
			sourceTree = "<group>";
		};
/* End PBXVariantGroup section */

/* Begin XCBuildConfiguration section */
		55883BA91DD7A5A900F9EB10 /* Debug */ = {
			isa = XCBuildConfiguration;
			buildSettings = {
				ALWAYS_SEARCH_USER_PATHS = NO;
				CLANG_CXX_LANGUAGE_STANDARD = "gnu++0x";
				CLANG_CXX_LIBRARY = "libc++";
				CLANG_ENABLE_MODULES = YES;
				CLANG_ENABLE_OBJC_ARC = YES;
				CLANG_WARN_BOOL_CONVERSION = YES;
				CLANG_WARN_CONSTANT_CONVERSION = YES;
				CLANG_WARN_DIRECT_OBJC_ISA_USAGE = YES_ERROR;
				CLANG_WARN_EMPTY_BODY = YES;
				CLANG_WARN_ENUM_CONVERSION = YES;
				CLANG_WARN_INT_CONVERSION = YES;
				CLANG_WARN_OBJC_ROOT_CLASS = YES_ERROR;
				CLANG_WARN_UNREACHABLE_CODE = YES;
				CLANG_WARN__DUPLICATE_METHOD_MATCH = YES;
				"CODE_SIGN_IDENTITY[sdk=iphoneos*]" = "iPhone Developer";
				COPY_PHASE_STRIP = NO;
				DEBUG_INFORMATION_FORMAT = dwarf;
				ENABLE_STRICT_OBJC_MSGSEND = YES;
				ENABLE_TESTABILITY = YES;
				GCC_C_LANGUAGE_STANDARD = gnu99;
				GCC_DYNAMIC_NO_PIC = NO;
				GCC_NO_COMMON_BLOCKS = YES;
				GCC_OPTIMIZATION_LEVEL = 0;
				GCC_PREPROCESSOR_DEFINITIONS = (
					"DEBUG=1",
					"$(inherited)",
				);
				GCC_WARN_64_TO_32_BIT_CONVERSION = YES;
				GCC_WARN_ABOUT_RETURN_TYPE = YES_ERROR;
				GCC_WARN_UNDECLARED_SELECTOR = YES;
				GCC_WARN_UNINITIALIZED_AUTOS = YES_AGGRESSIVE;
				GCC_WARN_UNUSED_FUNCTION = YES;
				GCC_WARN_UNUSED_VARIABLE = YES;
				IPHONEOS_DEPLOYMENT_TARGET = 9.3;
				MTL_ENABLE_DEBUG_INFO = YES;
				ONLY_ACTIVE_ARCH = YES;
				SDKROOT = iphoneos;
				SWIFT_OPTIMIZATION_LEVEL = "-Onone";
				TARGETED_DEVICE_FAMILY = "1,2";
			};
			name = Debug;
		};
		55883BAA1DD7A5A900F9EB10 /* Release */ = {
			isa = XCBuildConfiguration;
			buildSettings = {
				ALWAYS_SEARCH_USER_PATHS = NO;
				CLANG_CXX_LANGUAGE_STANDARD = "gnu++0x";
				CLANG_CXX_LIBRARY = "libc++";
				CLANG_ENABLE_MODULES = YES;
				CLANG_ENABLE_OBJC_ARC = YES;
				CLANG_WARN_BOOL_CONVERSION = YES;
				CLANG_WARN_CONSTANT_CONVERSION = YES;
				CLANG_WARN_DIRECT_OBJC_ISA_USAGE = YES_ERROR;
				CLANG_WARN_EMPTY_BODY = YES;
				CLANG_WARN_ENUM_CONVERSION = YES;
				CLANG_WARN_INT_CONVERSION = YES;
				CLANG_WARN_OBJC_ROOT_CLASS = YES_ERROR;
				CLANG_WARN_UNREACHABLE_CODE = YES;
				CLANG_WARN__DUPLICATE_METHOD_MATCH = YES;
				"CODE_SIGN_IDENTITY[sdk=iphoneos*]" = "iPhone Developer";
				COPY_PHASE_STRIP = NO;
				DEBUG_INFORMATION_FORMAT = "dwarf-with-dsym";
				ENABLE_NS_ASSERTIONS = NO;
				ENABLE_STRICT_OBJC_MSGSEND = YES;
				GCC_C_LANGUAGE_STANDARD = gnu99;
				GCC_NO_COMMON_BLOCKS = YES;
				GCC_WARN_64_TO_32_BIT_CONVERSION = YES;
				GCC_WARN_ABOUT_RETURN_TYPE = YES_ERROR;
				GCC_WARN_UNDECLARED_SELECTOR = YES;
				GCC_WARN_UNINITIALIZED_AUTOS = YES_AGGRESSIVE;
				GCC_WARN_UNUSED_FUNCTION = YES;
				GCC_WARN_UNUSED_VARIABLE = YES;
				IPHONEOS_DEPLOYMENT_TARGET = 9.3;
				MTL_ENABLE_DEBUG_INFO = NO;
				SDKROOT = iphoneos;
				TARGETED_DEVICE_FAMILY = "1,2";
				VALIDATE_PRODUCT = YES;
			};
			name = Release;
		};
		55883BAC1DD7A5A900F9EB10 /* Debug */ = {
			isa = XCBuildConfiguration;
			buildSettings = {
				ASSETCATALOG_COMPILER_APPICON_NAME = AppIcon;
				INFOPLIST_FILE = "You Go Girl/Info.plist";
				LD_RUNPATH_SEARCH_PATHS = "$(inherited) @executable_path/Frameworks";
				PRODUCT_BUNDLE_IDENTIFIER = "SMR.You-Go-Girl";
				PRODUCT_NAME = "$(TARGET_NAME)";
			};
			name = Debug;
		};
		55883BAD1DD7A5A900F9EB10 /* Release */ = {
			isa = XCBuildConfiguration;
			buildSettings = {
				ASSETCATALOG_COMPILER_APPICON_NAME = AppIcon;
				INFOPLIST_FILE = "You Go Girl/Info.plist";
				LD_RUNPATH_SEARCH_PATHS = "$(inherited) @executable_path/Frameworks";
				PRODUCT_BUNDLE_IDENTIFIER = "SMR.You-Go-Girl";
				PRODUCT_NAME = "$(TARGET_NAME)";
			};
			name = Release;
		};
		55883BAF1DD7A5A900F9EB10 /* Debug */ = {
			isa = XCBuildConfiguration;
			buildSettings = {
				BUNDLE_LOADER = "$(TEST_HOST)";
				INFOPLIST_FILE = "You Go GirlTests/Info.plist";
				LD_RUNPATH_SEARCH_PATHS = "$(inherited) @executable_path/Frameworks @loader_path/Frameworks";
				PRODUCT_BUNDLE_IDENTIFIER = "SMR.You-Go-GirlTests";
				PRODUCT_NAME = "$(TARGET_NAME)";
				TEST_HOST = "$(BUILT_PRODUCTS_DIR)/You Go Girl.app/You Go Girl";
			};
			name = Debug;
		};
		55883BB01DD7A5A900F9EB10 /* Release */ = {
			isa = XCBuildConfiguration;
			buildSettings = {
				BUNDLE_LOADER = "$(TEST_HOST)";
				INFOPLIST_FILE = "You Go GirlTests/Info.plist";
				LD_RUNPATH_SEARCH_PATHS = "$(inherited) @executable_path/Frameworks @loader_path/Frameworks";
				PRODUCT_BUNDLE_IDENTIFIER = "SMR.You-Go-GirlTests";
				PRODUCT_NAME = "$(TARGET_NAME)";
				TEST_HOST = "$(BUILT_PRODUCTS_DIR)/You Go Girl.app/You Go Girl";
			};
			name = Release;
		};
		55883BB21DD7A5A900F9EB10 /* Debug */ = {
			isa = XCBuildConfiguration;
			buildSettings = {
				INFOPLIST_FILE = "You Go GirlUITests/Info.plist";
				LD_RUNPATH_SEARCH_PATHS = "$(inherited) @executable_path/Frameworks @loader_path/Frameworks";
				PRODUCT_BUNDLE_IDENTIFIER = "SMR.You-Go-GirlUITests";
				PRODUCT_NAME = "$(TARGET_NAME)";
				TEST_TARGET_NAME = "You Go Girl";
			};
			name = Debug;
		};
		55883BB31DD7A5A900F9EB10 /* Release */ = {
			isa = XCBuildConfiguration;
			buildSettings = {
				INFOPLIST_FILE = "You Go GirlUITests/Info.plist";
				LD_RUNPATH_SEARCH_PATHS = "$(inherited) @executable_path/Frameworks @loader_path/Frameworks";
				PRODUCT_BUNDLE_IDENTIFIER = "SMR.You-Go-GirlUITests";
				PRODUCT_NAME = "$(TARGET_NAME)";
				TEST_TARGET_NAME = "You Go Girl";
			};
			name = Release;
		};
/* End XCBuildConfiguration section */

/* Begin XCConfigurationList section */
		55883B7E1DD7A5A900F9EB10 /* Build configuration list for PBXProject "You Go Girl" */ = {
			isa = XCConfigurationList;
			buildConfigurations = (
				55883BA91DD7A5A900F9EB10 /* Debug */,
				55883BAA1DD7A5A900F9EB10 /* Release */,
			);
			defaultConfigurationIsVisible = 0;
			defaultConfigurationName = Release;
		};
		55883BAB1DD7A5A900F9EB10 /* Build configuration list for PBXNativeTarget "You Go Girl" */ = {
			isa = XCConfigurationList;
			buildConfigurations = (
				55883BAC1DD7A5A900F9EB10 /* Debug */,
				55883BAD1DD7A5A900F9EB10 /* Release */,
			);
			defaultConfigurationIsVisible = 0;
		};
		55883BAE1DD7A5A900F9EB10 /* Build configuration list for PBXNativeTarget "You Go GirlTests" */ = {
			isa = XCConfigurationList;
			buildConfigurations = (
				55883BAF1DD7A5A900F9EB10 /* Debug */,
				55883BB01DD7A5A900F9EB10 /* Release */,
			);
			defaultConfigurationIsVisible = 0;
		};
		55883BB11DD7A5A900F9EB10 /* Build configuration list for PBXNativeTarget "You Go GirlUITests" */ = {
			isa = XCConfigurationList;
			buildConfigurations = (
				55883BB21DD7A5A900F9EB10 /* Debug */,
				55883BB31DD7A5A900F9EB10 /* Release */,
			);
			defaultConfigurationIsVisible = 0;
		};
/* End XCConfigurationList section */

/* Begin XCVersionGroup section */
		55883BC81DD82AE000F9EB10 /* HitList.xcdatamodeld */ = {
			isa = XCVersionGroup;
			children = (
				55883BC91DD82AE000F9EB10 /* HitList.xcdatamodel */,
			);
			currentVersion = 55883BC91DD82AE000F9EB10 /* HitList.xcdatamodel */;
			path = HitList.xcdatamodeld;
			sourceTree = "<group>";
			versionGroupType = wrapper.xcdatamodel;
		};
/* End XCVersionGroup section */
	};
	rootObject = 55883B7B1DD7A5A900F9EB10 /* Project object */;
}
